
Microsoft Visual Studio Solution File, Format Version 12.00
# Visual Studio 15
Project("{FAE04EC0-301F-11D3-BF4B-00C04F79EFBC}") = "Unity.Timeline", "Unity.Timeline.csproj", "{42FE8478-2FBF-E05F-E7A1-1D5B54E8705D}"
EndProject
Project("{FAE04EC0-301F-11D3-BF4B-00C04F79EFBC}") = "Unity.2D.Aseprite.Editor", "Unity.2D.Aseprite.Editor.csproj", "{0B38FF57-4E71-3A11-9A97-0041DEB97A44}"
EndProject
Project("{FAE04EC0-301F-11D3-BF4B-00C04F79EFBC}") = "Unity.VisualScripting.Flow", "Unity.VisualScripting.Flow.csproj", "{9755914F-E3C9-5FB5-68E1-13429823E947}"
EndProject
Project("{FAE04EC0-301F-11D3-BF4B-00C04F79EFBC}") = "Unity.Timeline.Editor", "Unity.Timeline.Editor.csproj", "{2773DB5D-4F25-CC10-CF13-A485BE15E914}"
EndProject
Project("{FAE04EC0-301F-11D3-BF4B-00C04F79EFBC}") = "Unity.PlasticSCM.Editor", "Unity.PlasticSCM.Editor.csproj", "{873645C9-FD67-706B-7B1C-E0D42B18BE76}"
EndProject
Project("{FAE04EC0-301F-11D3-BF4B-00C04F79EFBC}") = "Unity.Mathematics", "Unity.Mathematics.csproj", "{02A4A453-21FF-6F26-4094-8A91768F8417}"
EndProject
Project("{FAE04EC0-301F-11D3-BF4B-00C04F79EFBC}") = "Unity.2D.Common.Path.Editor", "Unity.2D.Common.Path.Editor.csproj", "{27C4D6E0-0BC9-E364-51E0-A891FAEA4E7A}"
EndProject
Project("{FAE04EC0-301F-11D3-BF4B-00C04F79EFBC}") = "Unity.2D.Psdimporter.Editor", "Unity.2D.Psdimporter.Editor.csproj", "{ED70FADD-6064-639F-03C2-06175ABAA4F1}"
EndProject
Project("{FAE04EC0-301F-11D3-BF4B-00C04F79EFBC}") = "Unity.VisualScripting.Core.Editor", "Unity.VisualScripting.Core.Editor.csproj", "{AD2CAED5-6377-6C6E-DACB-ECB793B5361F}"
EndProject
Project("{FAE04EC0-301F-11D3-BF4B-00C04F79EFBC}") = "Unity.2D.IK.Runtime", "Unity.2D.IK.Runtime.csproj", "{2C883EB4-6A01-399A-C972-3D480C944ECC}"
EndProject
Project("{FAE04EC0-301F-11D3-BF4B-00C04F79EFBC}") = "UnityEditor.TestRunner", "UnityEditor.TestRunner.csproj", "{62A8A527-8B74-C965-9DF4-6D8BA432CD6E}"
EndProject
Project("{FAE04EC0-301F-11D3-BF4B-00C04F79EFBC}") = "Unity.TextMeshPro.Editor", "Unity.TextMeshPro.Editor.csproj", "{ED34EA03-431C-2F8D-2854-7F12FAC054CC}"
EndProject
Project("{FAE04EC0-301F-11D3-BF4B-00C04F79EFBC}") = "Unity.VisualScripting.Flow.Editor", "Unity.VisualScripting.Flow.Editor.csproj", "{C2C7E46B-D1DF-A13D-885E-0BDCF65DDB83}"
EndProject
Project("{FAE04EC0-301F-11D3-BF4B-00C04F79EFBC}") = "UnityEngine.TestRunner", "UnityEngine.TestRunner.csproj", "{9B1A10CC-0AC8-D397-E6D3-1516451C499F}"
EndProject
Project("{FAE04EC0-301F-11D3-BF4B-00C04F79EFBC}") = "Unity.VisualScripting.Core", "Unity.VisualScripting.Core.csproj", "{7C9BCE14-71EC-880E-878B-295A8C740A7F}"
EndProject
Project("{FAE04EC0-301F-11D3-BF4B-00C04F79EFBC}") = "Unity.Searcher.Editor", "Unity.Searcher.Editor.csproj", "{3C48B262-09BE-0C14-A9B6-F92F4E80B08C}"
EndProject
Project("{FAE04EC0-301F-11D3-BF4B-00C04F79EFBC}") = "Unity.Burst", "Unity.Burst.csproj", "{0AD5E631-2521-D4CC-13EC-59F2B22DC02C}"
EndProject
Project("{FAE04EC0-301F-11D3-BF4B-00C04F79EFBC}") = "PsdPlugin", "PsdPlugin.csproj", "{E7536C97-0E21-B525-9DD6-6FF731CCCB56}"
EndProject
Project("{FAE04EC0-301F-11D3-BF4B-00C04F79EFBC}") = "Assembly-CSharp", "Assembly-CSharp.csproj", "{4A76B1C0-C1AA-7F10-EE31-0F9A12249C5E}"
EndProject
Project("{FAE04EC0-301F-11D3-BF4B-00C04F79EFBC}") = "Unity.Collections", "Unity.Collections.csproj", "{A6977CC7-69E1-5F81-871C-A3B92B0E77B9}"
EndProject
Project("{FAE04EC0-301F-11D3-BF4B-00C04F79EFBC}") = "Unity.2D.Animation.Editor", "Unity.2D.Animation.Editor.csproj", "{28C710FF-7A46-C322-A45C-EDF1EEC7FE7F}"
EndProject
Project("{FAE04EC0-301F-11D3-BF4B-00C04F79EFBC}") = "Unity.2D.SpriteShape.Editor", "Unity.2D.SpriteShape.Editor.csproj", "{BFB72878-776F-86D4-68A1-CD5799F71A1E}"
EndProject
Project("{FAE04EC0-301F-11D3-BF4B-00C04F79EFBC}") = "Unity.VisualStudio.Editor", "Unity.VisualStudio.Editor.csproj", "{AEEC5D35-FDB9-5708-2639-3544822D4584}"
EndProject
Project("{FAE04EC0-301F-11D3-BF4B-00C04F79EFBC}") = "Unity.Rider.Editor", "Unity.Rider.Editor.csproj", "{033F6FD1-60A5-5042-B143-22900F4EA0A1}"
EndProject
Project("{FAE04EC0-301F-11D3-BF4B-00C04F79EFBC}") = "Unity.InternalAPIEditorBridge.001", "Unity.InternalAPIEditorBridge.001.csproj", "{A8FB9286-965F-8100-AB8D-1A7A0C267FF7}"
EndProject
Project("{FAE04EC0-301F-11D3-BF4B-00C04F79EFBC}") = "Unity.2D.SpriteShape.Runtime", "Unity.2D.SpriteShape.Runtime.csproj", "{FC154915-D4B2-2DEE-925E-123F1ADAAB37}"
EndProject
Project("{FAE04EC0-301F-11D3-BF4B-00C04F79EFBC}") = "Unity.VisualScripting.State.Editor", "Unity.VisualScripting.State.Editor.csproj", "{8894F0E5-EF93-EE41-20B4-078A147A8DA1}"
EndProject
Project("{FAE04EC0-301F-11D3-BF4B-00C04F79EFBC}") = "Unity.Burst.CodeGen", "Unity.Burst.CodeGen.csproj", "{0D2BC661-D420-4B09-F356-6E0251D728EA}"
EndProject
Project("{FAE04EC0-301F-11D3-BF4B-00C04F79EFBC}") = "Unity.VisualScripting.State", "Unity.VisualScripting.State.csproj", "{5A99D445-8EB0-EDBD-C230-F6171699FD44}"
EndProject
Project("{FAE04EC0-301F-11D3-BF4B-00C04F79EFBC}") = "Unity.TextMeshPro", "Unity.TextMeshPro.csproj", "{1A5720B1-FABD-92F1-62D5-421C5B6CEB15}"
EndProject
Project("{FAE04EC0-301F-11D3-BF4B-00C04F79EFBC}") = "Unity.2D.Tilemap.Extras.Editor", "Unity.2D.Tilemap.Extras.Editor.csproj", "{177395F7-6657-3F31-62A1-D99543332B06}"
EndProject
Project("{FAE04EC0-301F-11D3-BF4B-00C04F79EFBC}") = "Unity.2D.Animation.Runtime", "Unity.2D.Animation.Runtime.csproj", "{FEEE0058-0C38-446E-473F-3DBE8A97541A}"
EndProject
Project("{FAE04EC0-301F-11D3-BF4B-00C04F79EFBC}") = "Unity.VisualScripting.SettingsProvider.Editor", "Unity.VisualScripting.SettingsProvider.Editor.csproj", "{1476A251-CF7E-DBB9-757D-CBAF2B130FA6}"
EndProject
Project("{FAE04EC0-301F-11D3-BF4B-00C04F79EFBC}") = "Unity.2D.IK.Editor", "Unity.2D.IK.Editor.csproj", "{85AA03EF-5144-C933-F362-A095B6FF51F1}"
EndProject
Project("{FAE04EC0-301F-11D3-BF4B-00C04F79EFBC}") = "Unity.InternalAPIEngineBridge.001", "Unity.InternalAPIEngineBridge.001.csproj", "{3ECF40DD-0756-9D65-F0DA-7FA6740CDE53}"
EndProject
Project("{FAE04EC0-301F-11D3-BF4B-00C04F79EFBC}") = "Unity.2D.Aseprite.Common", "Unity.2D.Aseprite.Common.csproj", "{7C66EF08-5B18-91E4-3471-1B864AD4A792}"
EndProject
Project("{FAE04EC0-301F-11D3-BF4B-00C04F79EFBC}") = "Unity.Burst.Editor", "Unity.Burst.Editor.csproj", "{03F8D531-0ACB-1E4F-5897-4069FD0F44C5}"
EndProject
Project("{FAE04EC0-301F-11D3-BF4B-00C04F79EFBC}") = "Unity.2D.Common.Editor", "Unity.2D.Common.Editor.csproj", "{DF2A3CA7-14CB-B764-02A9-0ED019EB32C1}"
EndProject
Project("{FAE04EC0-301F-11D3-BF4B-00C04F79EFBC}") = "Unity.2D.PixelPerfect", "Unity.2D.PixelPerfect.csproj", "{9FDD1866-7DA3-4E0B-C8B0-98B07F5CE554}"
EndProject
Project("{FAE04EC0-301F-11D3-BF4B-00C04F79EFBC}") = "Unity.2D.PixelPerfect.Editor", "Unity.2D.PixelPerfect.Editor.csproj", "{7000D641-9C81-BD38-BD00-CF1D12B58F11}"
EndProject
Project("{FAE04EC0-301F-11D3-BF4B-00C04F79EFBC}") = "Unity.2D.Common.Runtime", "Unity.2D.Common.Runtime.csproj", "{A1C838C7-F8A6-84DA-5DFC-109D58A48FEA}"
EndProject
Project("{FAE04EC0-301F-11D3-BF4B-00C04F79EFBC}") = "Unity.Mathematics.Editor", "Unity.Mathematics.Editor.csproj", "{B9FC23F9-3058-8A2F-64D2-FC84E442F5DF}"
EndProject
Project("{FAE04EC0-301F-11D3-BF4B-00C04F79EFBC}") = "Unity.2D.Tilemap.Extras", "Unity.2D.Tilemap.Extras.csproj", "{2166846F-8752-FD9D-24AA-2D450B909BFA}"
EndProject
Project("{FAE04EC0-301F-11D3-BF4B-00C04F79EFBC}") = "Unity.InternalAPIEditorBridge.005", "Unity.InternalAPIEditorBridge.005.csproj", "{B048CF36-74DD-5387-C7B3-A91EE0E6FB0A}"
EndProject
Project("{FAE04EC0-301F-11D3-BF4B-00C04F79EFBC}") = "Unity.VisualScripting.Shared.Editor", "Unity.VisualScripting.Shared.Editor.csproj", "{749047BA-4F05-7C8D-C106-22EEB5E7BB21}"
EndProject
Project("{FAE04EC0-301F-11D3-BF4B-00C04F79EFBC}") = "Unity.Collections.DocCodeSamples", "Unity.Collections.DocCodeSamples.csproj", "{27307411-54CA-FEAA-A63D-1048E59B2E93}"
EndProject
Project("{FAE04EC0-301F-11D3-BF4B-00C04F79EFBC}") = "Unity.Collections.BurstCompatibilityGen", "Unity.Collections.BurstCompatibilityGen.csproj", "{C8291CED-6B80-19E9-E2FA-B82E70B41DA2}"
EndProject
Project("{FAE04EC0-301F-11D3-BF4B-00C04F79EFBC}") = "Unity.CollabProxy.Editor", "Unity.CollabProxy.Editor.csproj", "{4C33747E-4144-6D4A-F9DA-2976276573AA}"
EndProject
Global
	GlobalSection(SolutionConfigurationPlatforms) = preSolution
		Debug|Any CPU = Debug|Any CPU
		Release|Any CPU = Release|Any CPU
	EndGlobalSection
	GlobalSection(ProjectConfigurationPlatforms) = postSolution
		{42FE8478-2FBF-E05F-E7A1-1D5B54E8705D}.Debug|Any CPU.ActiveCfg = Debug|Any CPU
		{42FE8478-2FBF-E05F-E7A1-1D5B54E8705D}.Debug|Any CPU.Build.0 = Debug|Any CPU
		{42FE8478-2FBF-E05F-E7A1-1D5B54E8705D}.Release|Any CPU.ActiveCfg = Release|Any CPU
		{42FE8478-2FBF-E05F-E7A1-1D5B54E8705D}.Release|Any CPU.Build.0 = Release|Any CPU
		{0B38FF57-4E71-3A11-9A97-0041DEB97A44}.Debug|Any CPU.ActiveCfg = Debug|Any CPU
		{0B38FF57-4E71-3A11-9A97-0041DEB97A44}.Debug|Any CPU.Build.0 = Debug|Any CPU
		{0B38FF57-4E71-3A11-9A97-0041DEB97A44}.Release|Any CPU.ActiveCfg = Release|Any CPU
		{0B38FF57-4E71-3A11-9A97-0041DEB97A44}.Release|Any CPU.Build.0 = Release|Any CPU
		{9755914F-E3C9-5FB5-68E1-13429823E947}.Debug|Any CPU.ActiveCfg = Debug|Any CPU
		{9755914F-E3C9-5FB5-68E1-13429823E947}.Debug|Any CPU.Build.0 = Debug|Any CPU
		{9755914F-E3C9-5FB5-68E1-13429823E947}.Release|Any CPU.ActiveCfg = Release|Any CPU
		{9755914F-E3C9-5FB5-68E1-13429823E947}.Release|Any CPU.Build.0 = Release|Any CPU
		{2773DB5D-4F25-CC10-CF13-A485BE15E914}.Debug|Any CPU.ActiveCfg = Debug|Any CPU
		{2773DB5D-4F25-CC10-CF13-A485BE15E914}.Debug|Any CPU.Build.0 = Debug|Any CPU
		{2773DB5D-4F25-CC10-CF13-A485BE15E914}.Release|Any CPU.ActiveCfg = Release|Any CPU
		{2773DB5D-4F25-CC10-CF13-A485BE15E914}.Release|Any CPU.Build.0 = Release|Any CPU
		{873645C9-FD67-706B-7B1C-E0D42B18BE76}.Debug|Any CPU.ActiveCfg = Debug|Any CPU
		{873645C9-FD67-706B-7B1C-E0D42B18BE76}.Debug|Any CPU.Build.0 = Debug|Any CPU
		{873645C9-FD67-706B-7B1C-E0D42B18BE76}.Release|Any CPU.ActiveCfg = Release|Any CPU
		{873645C9-FD67-706B-7B1C-E0D42B18BE76}.Release|Any CPU.Build.0 = Release|Any CPU
		{02A4A453-21FF-6F26-4094-8A91768F8417}.Debug|Any CPU.ActiveCfg = Debug|Any CPU
		{02A4A453-21FF-6F26-4094-8A91768F8417}.Debug|Any CPU.Build.0 = Debug|Any CPU
		{02A4A453-21FF-6F26-4094-8A91768F8417}.Release|Any CPU.ActiveCfg = Release|Any CPU
		{02A4A453-21FF-6F26-4094-8A91768F8417}.Release|Any CPU.Build.0 = Release|Any CPU
		{27C4D6E0-0BC9-E364-51E0-A891FAEA4E7A}.Debug|Any CPU.ActiveCfg = Debug|Any CPU
		{27C4D6E0-0BC9-E364-51E0-A891FAEA4E7A}.Debug|Any CPU.Build.0 = Debug|Any CPU
		{27C4D6E0-0BC9-E364-51E0-A891FAEA4E7A}.Release|Any CPU.ActiveCfg = Release|Any CPU
		{27C4D6E0-0BC9-E364-51E0-A891FAEA4E7A}.Release|Any CPU.Build.0 = Release|Any CPU
		{ED70FADD-6064-639F-03C2-06175ABAA4F1}.Debug|Any CPU.ActiveCfg = Debug|Any CPU
		{ED70FADD-6064-639F-03C2-06175ABAA4F1}.Debug|Any CPU.Build.0 = Debug|Any CPU
		{ED70FADD-6064-639F-03C2-06175ABAA4F1}.Release|Any CPU.ActiveCfg = Release|Any CPU
		{ED70FADD-6064-639F-03C2-06175ABAA4F1}.Release|Any CPU.Build.0 = Release|Any CPU
		{AD2CAED5-6377-6C6E-DACB-ECB793B5361F}.Debug|Any CPU.ActiveCfg = Debug|Any CPU
		{AD2CAED5-6377-6C6E-DACB-ECB793B5361F}.Debug|Any CPU.Build.0 = Debug|Any CPU
		{AD2CAED5-6377-6C6E-DACB-ECB793B5361F}.Release|Any CPU.ActiveCfg = Release|Any CPU
		{AD2CAED5-6377-6C6E-DACB-ECB793B5361F}.Release|Any CPU.Build.0 = Release|Any CPU
		{2C883EB4-6A01-399A-C972-3D480C944ECC}.Debug|Any CPU.ActiveCfg = Debug|Any CPU
		{2C883EB4-6A01-399A-C972-3D480C944ECC}.Debug|Any CPU.Build.0 = Debug|Any CPU
		{2C883EB4-6A01-399A-C972-3D480C944ECC}.Release|Any CPU.ActiveCfg = Release|Any CPU
		{2C883EB4-6A01-399A-C972-3D480C944ECC}.Release|Any CPU.Build.0 = Release|Any CPU
		{62A8A527-8B74-C965-9DF4-6D8BA432CD6E}.Debug|Any CPU.ActiveCfg = Debug|Any CPU
		{62A8A527-8B74-C965-9DF4-6D8BA432CD6E}.Debug|Any CPU.Build.0 = Debug|Any CPU
		{62A8A527-8B74-C965-9DF4-6D8BA432CD6E}.Release|Any CPU.ActiveCfg = Release|Any CPU
		{62A8A527-8B74-C965-9DF4-6D8BA432CD6E}.Release|Any CPU.Build.0 = Release|Any CPU
		{ED34EA03-431C-2F8D-2854-7F12FAC054CC}.Debug|Any CPU.ActiveCfg = Debug|Any CPU
		{ED34EA03-431C-2F8D-2854-7F12FAC054CC}.Debug|Any CPU.Build.0 = Debug|Any CPU
		{ED34EA03-431C-2F8D-2854-7F12FAC054CC}.Release|Any CPU.ActiveCfg = Release|Any CPU
		{ED34EA03-431C-2F8D-2854-7F12FAC054CC}.Release|Any CPU.Build.0 = Release|Any CPU
		{C2C7E46B-D1DF-A13D-885E-0BDCF65DDB83}.Debug|Any CPU.ActiveCfg = Debug|Any CPU
		{C2C7E46B-D1DF-A13D-885E-0BDCF65DDB83}.Debug|Any CPU.Build.0 = Debug|Any CPU
		{C2C7E46B-D1DF-A13D-885E-0BDCF65DDB83}.Release|Any CPU.ActiveCfg = Release|Any CPU
		{C2C7E46B-D1DF-A13D-885E-0BDCF65DDB83}.Release|Any CPU.Build.0 = Release|Any CPU
		{9B1A10CC-0AC8-D397-E6D3-1516451C499F}.Debug|Any CPU.ActiveCfg = Debug|Any CPU
		{9B1A10CC-0AC8-D397-E6D3-1516451C499F}.Debug|Any CPU.Build.0 = Debug|Any CPU
		{9B1A10CC-0AC8-D397-E6D3-1516451C499F}.Release|Any CPU.ActiveCfg = Release|Any CPU
		{9B1A10CC-0AC8-D397-E6D3-1516451C499F}.Release|Any CPU.Build.0 = Release|Any CPU
		{7C9BCE14-71EC-880E-878B-295A8C740A7F}.Debug|Any CPU.ActiveCfg = Debug|Any CPU
		{7C9BCE14-71EC-880E-878B-295A8C740A7F}.Debug|Any CPU.Build.0 = Debug|Any CPU
		{7C9BCE14-71EC-880E-878B-295A8C740A7F}.Release|Any CPU.ActiveCfg = Release|Any CPU
		{7C9BCE14-71EC-880E-878B-295A8C740A7F}.Release|Any CPU.Build.0 = Release|Any CPU
		{3C48B262-09BE-0C14-A9B6-F92F4E80B08C}.Debug|Any CPU.ActiveCfg = Debug|Any CPU
		{3C48B262-09BE-0C14-A9B6-F92F4E80B08C}.Debug|Any CPU.Build.0 = Debug|Any CPU
		{3C48B262-09BE-0C14-A9B6-F92F4E80B08C}.Release|Any CPU.ActiveCfg = Release|Any CPU
		{3C48B262-09BE-0C14-A9B6-F92F4E80B08C}.Release|Any CPU.Build.0 = Release|Any CPU
		{0AD5E631-2521-D4CC-13EC-59F2B22DC02C}.Debug|Any CPU.ActiveCfg = Debug|Any CPU
		{0AD5E631-2521-D4CC-13EC-59F2B22DC02C}.Debug|Any CPU.Build.0 = Debug|Any CPU
		{0AD5E631-2521-D4CC-13EC-59F2B22DC02C}.Release|Any CPU.ActiveCfg = Release|Any CPU
		{0AD5E631-2521-D4CC-13EC-59F2B22DC02C}.Release|Any CPU.Build.0 = Release|Any CPU
		{E7536C97-0E21-B525-9DD6-6FF731CCCB56}.Debug|Any CPU.ActiveCfg = Debug|Any CPU
		{E7536C97-0E21-B525-9DD6-6FF731CCCB56}.Debug|Any CPU.Build.0 = Debug|Any CPU
		{E7536C97-0E21-B525-9DD6-6FF731CCCB56}.Release|Any CPU.ActiveCfg = Release|Any CPU
		{E7536C97-0E21-B525-9DD6-6FF731CCCB56}.Release|Any CPU.Build.0 = Release|Any CPU
		{4A76B1C0-C1AA-7F10-EE31-0F9A12249C5E}.Debug|Any CPU.ActiveCfg = Debug|Any CPU
		{4A76B1C0-C1AA-7F10-EE31-0F9A12249C5E}.Debug|Any CPU.Build.0 = Debug|Any CPU
		{4A76B1C0-C1AA-7F10-EE31-0F9A12249C5E}.Release|Any CPU.ActiveCfg = Release|Any CPU
		{4A76B1C0-C1AA-7F10-EE31-0F9A12249C5E}.Release|Any CPU.Build.0 = Release|Any CPU
		{A6977CC7-69E1-5F81-871C-A3B92B0E77B9}.Debug|Any CPU.ActiveCfg = Debug|Any CPU
		{A6977CC7-69E1-5F81-871C-A3B92B0E77B9}.Debug|Any CPU.Build.0 = Debug|Any CPU
		{A6977CC7-69E1-5F81-871C-A3B92B0E77B9}.Release|Any CPU.ActiveCfg = Release|Any CPU
		{A6977CC7-69E1-5F81-871C-A3B92B0E77B9}.Release|Any CPU.Build.0 = Release|Any CPU
		{28C710FF-7A46-C322-A45C-EDF1EEC7FE7F}.Debug|Any CPU.ActiveCfg = Debug|Any CPU
		{28C710FF-7A46-C322-A45C-EDF1EEC7FE7F}.Debug|Any CPU.Build.0 = Debug|Any CPU
		{28C710FF-7A46-C322-A45C-EDF1EEC7FE7F}.Release|Any CPU.ActiveCfg = Release|Any CPU
		{28C710FF-7A46-C322-A45C-EDF1EEC7FE7F}.Release|Any CPU.Build.0 = Release|Any CPU
		{BFB72878-776F-86D4-68A1-CD5799F71A1E}.Debug|Any CPU.ActiveCfg = Debug|Any CPU
		{BFB72878-776F-86D4-68A1-CD5799F71A1E}.Debug|Any CPU.Build.0 = Debug|Any CPU
		{BFB72878-776F-86D4-68A1-CD5799F71A1E}.Release|Any CPU.ActiveCfg = Release|Any CPU
		{BFB72878-776F-86D4-68A1-CD5799F71A1E}.Release|Any CPU.Build.0 = Release|Any CPU
		{AEEC5D35-FDB9-5708-2639-3544822D4584}.Debug|Any CPU.ActiveCfg = Debug|Any CPU
		{AEEC5D35-FDB9-5708-2639-3544822D4584}.Debug|Any CPU.Build.0 = Debug|Any CPU
		{AEEC5D35-FDB9-5708-2639-3544822D4584}.Release|Any CPU.ActiveCfg = Release|Any CPU
		{AEEC5D35-FDB9-5708-2639-3544822D4584}.Release|Any CPU.Build.0 = Release|Any CPU
		{033F6FD1-60A5-5042-B143-22900F4EA0A1}.Debug|Any CPU.ActiveCfg = Debug|Any CPU
		{033F6FD1-60A5-5042-B143-22900F4EA0A1}.Debug|Any CPU.Build.0 = Debug|Any CPU
		{033F6FD1-60A5-5042-B143-22900F4EA0A1}.Release|Any CPU.ActiveCfg = Release|Any CPU
		{033F6FD1-60A5-5042-B143-22900F4EA0A1}.Release|Any CPU.Build.0 = Release|Any CPU
		{A8FB9286-965F-8100-AB8D-1A7A0C267FF7}.Debug|Any CPU.ActiveCfg = Debug|Any CPU
		{A8FB9286-965F-8100-AB8D-1A7A0C267FF7}.Debug|Any CPU.Build.0 = Debug|Any CPU
		{A8FB9286-965F-8100-AB8D-1A7A0C267FF7}.Release|Any CPU.ActiveCfg = Release|Any CPU
		{A8FB9286-965F-8100-AB8D-1A7A0C267FF7}.Release|Any CPU.Build.0 = Release|Any CPU
		{FC154915-D4B2-2DEE-925E-123F1ADAAB37}.Debug|Any CPU.ActiveCfg = Debug|Any CPU
		{FC154915-D4B2-2DEE-925E-123F1ADAAB37}.Debug|Any CPU.Build.0 = Debug|Any CPU
		{FC154915-D4B2-2DEE-925E-123F1ADAAB37}.Release|Any CPU.ActiveCfg = Release|Any CPU
		{FC154915-D4B2-2DEE-925E-123F1ADAAB37}.Release|Any CPU.Build.0 = Release|Any CPU
		{8894F0E5-EF93-EE41-20B4-078A147A8DA1}.Debug|Any CPU.ActiveCfg = Debug|Any CPU
		{8894F0E5-EF93-EE41-20B4-078A147A8DA1}.Debug|Any CPU.Build.0 = Debug|Any CPU
		{8894F0E5-EF93-EE41-20B4-078A147A8DA1}.Release|Any CPU.ActiveCfg = Release|Any CPU
		{8894F0E5-EF93-EE41-20B4-078A147A8DA1}.Release|Any CPU.Build.0 = Release|Any CPU
		{0D2BC661-D420-4B09-F356-6E0251D728EA}.Debug|Any CPU.ActiveCfg = Debug|Any CPU
		{0D2BC661-D420-4B09-F356-6E0251D728EA}.Debug|Any CPU.Build.0 = Debug|Any CPU
		{0D2BC661-D420-4B09-F356-6E0251D728EA}.Release|Any CPU.ActiveCfg = Release|Any CPU
		{0D2BC661-D420-4B09-F356-6E0251D728EA}.Release|Any CPU.Build.0 = Release|Any CPU
		{5A99D445-8EB0-EDBD-C230-F6171699FD44}.Debug|Any CPU.ActiveCfg = Debug|Any CPU
		{5A99D445-8EB0-EDBD-C230-F6171699FD44}.Debug|Any CPU.Build.0 = Debug|Any CPU
		{5A99D445-8EB0-EDBD-C230-F6171699FD44}.Release|Any CPU.ActiveCfg = Release|Any CPU
		{5A99D445-8EB0-EDBD-C230-F6171699FD44}.Release|Any CPU.Build.0 = Release|Any CPU
		{1A5720B1-FABD-92F1-62D5-421C5B6CEB15}.Debug|Any CPU.ActiveCfg = Debug|Any CPU
		{1A5720B1-FABD-92F1-62D5-421C5B6CEB15}.Debug|Any CPU.Build.0 = Debug|Any CPU
		{1A5720B1-FABD-92F1-62D5-421C5B6CEB15}.Release|Any CPU.ActiveCfg = Release|Any CPU
		{1A5720B1-FABD-92F1-62D5-421C5B6CEB15}.Release|Any CPU.Build.0 = Release|Any CPU
		{177395F7-6657-3F31-62A1-D99543332B06}.Debug|Any CPU.ActiveCfg = Debug|Any CPU
		{177395F7-6657-3F31-62A1-D99543332B06}.Debug|Any CPU.Build.0 = Debug|Any CPU
		{177395F7-6657-3F31-62A1-D99543332B06}.Release|Any CPU.ActiveCfg = Release|Any CPU
		{177395F7-6657-3F31-62A1-D99543332B06}.Release|Any CPU.Build.0 = Release|Any CPU
		{FEEE0058-0C38-446E-473F-3DBE8A97541A}.Debug|Any CPU.ActiveCfg = Debug|Any CPU
		{FEEE0058-0C38-446E-473F-3DBE8A97541A}.Debug|Any CPU.Build.0 = Debug|Any CPU
		{FEEE0058-0C38-446E-473F-3DBE8A97541A}.Release|Any CPU.ActiveCfg = Release|Any CPU
		{FEEE0058-0C38-446E-473F-3DBE8A97541A}.Release|Any CPU.Build.0 = Release|Any CPU
		{1476A251-CF7E-DBB9-757D-CBAF2B130FA6}.Debug|Any CPU.ActiveCfg = Debug|Any CPU
		{1476A251-CF7E-DBB9-757D-CBAF2B130FA6}.Debug|Any CPU.Build.0 = Debug|Any CPU
		{1476A251-CF7E-DBB9-757D-CBAF2B130FA6}.Release|Any CPU.ActiveCfg = Release|Any CPU
		{1476A251-CF7E-DBB9-757D-CBAF2B130FA6}.Release|Any CPU.Build.0 = Release|Any CPU
		{85AA03EF-5144-C933-F362-A095B6FF51F1}.Debug|Any CPU.ActiveCfg = Debug|Any CPU
		{85AA03EF-5144-C933-F362-A095B6FF51F1}.Debug|Any CPU.Build.0 = Debug|Any CPU
		{85AA03EF-5144-C933-F362-A095B6FF51F1}.Release|Any CPU.ActiveCfg = Release|Any CPU
		{85AA03EF-5144-C933-F362-A095B6FF51F1}.Release|Any CPU.Build.0 = Release|Any CPU
		{3ECF40DD-0756-9D65-F0DA-7FA6740CDE53}.Debug|Any CPU.ActiveCfg = Debug|Any CPU
		{3ECF40DD-0756-9D65-F0DA-7FA6740CDE53}.Debug|Any CPU.Build.0 = Debug|Any CPU
		{3ECF40DD-0756-9D65-F0DA-7FA6740CDE53}.Release|Any CPU.ActiveCfg = Release|Any CPU
		{3ECF40DD-0756-9D65-F0DA-7FA6740CDE53}.Release|Any CPU.Build.0 = Release|Any CPU
		{7C66EF08-5B18-91E4-3471-1B864AD4A792}.Debug|Any CPU.ActiveCfg = Debug|Any CPU
		{7C66EF08-5B18-91E4-3471-1B864AD4A792}.Debug|Any CPU.Build.0 = Debug|Any CPU
		{7C66EF08-5B18-91E4-3471-1B864AD4A792}.Release|Any CPU.ActiveCfg = Release|Any CPU
		{7C66EF08-5B18-91E4-3471-1B864AD4A792}.Release|Any CPU.Build.0 = Release|Any CPU
		{03F8D531-0ACB-1E4F-5897-4069FD0F44C5}.Debug|Any CPU.ActiveCfg = Debug|Any CPU
		{03F8D531-0ACB-1E4F-5897-4069FD0F44C5}.Debug|Any CPU.Build.0 = Debug|Any CPU
		{03F8D531-0ACB-1E4F-5897-4069FD0F44C5}.Release|Any CPU.ActiveCfg = Release|Any CPU
		{03F8D531-0ACB-1E4F-5897-4069FD0F44C5}.Release|Any CPU.Build.0 = Release|Any CPU
		{DF2A3CA7-14CB-B764-02A9-0ED019EB32C1}.Debug|Any CPU.ActiveCfg = Debug|Any CPU
		{DF2A3CA7-14CB-B764-02A9-0ED019EB32C1}.Debug|Any CPU.Build.0 = Debug|Any CPU
		{DF2A3CA7-14CB-B764-02A9-0ED019EB32C1}.Release|Any CPU.ActiveCfg = Release|Any CPU
		{DF2A3CA7-14CB-B764-02A9-0ED019EB32C1}.Release|Any CPU.Build.0 = Release|Any CPU
		{9FDD1866-7DA3-4E0B-C8B0-98B07F5CE554}.Debug|Any CPU.ActiveCfg = Debug|Any CPU
		{9FDD1866-7DA3-4E0B-C8B0-98B07F5CE554}.Debug|Any CPU.Build.0 = Debug|Any CPU
		{9FDD1866-7DA3-4E0B-C8B0-98B07F5CE554}.Release|Any CPU.ActiveCfg = Release|Any CPU
		{9FDD1866-7DA3-4E0B-C8B0-98B07F5CE554}.Release|Any CPU.Build.0 = Release|Any CPU
		{7000D641-9C81-BD38-BD00-CF1D12B58F11}.Debug|Any CPU.ActiveCfg = Debug|Any CPU
		{7000D641-9C81-BD38-BD00-CF1D12B58F11}.Debug|Any CPU.Build.0 = Debug|Any CPU
		{7000D641-9C81-BD38-BD00-CF1D12B58F11}.Release|Any CPU.ActiveCfg = Release|Any CPU
		{7000D641-9C81-BD38-BD00-CF1D12B58F11}.Release|Any CPU.Build.0 = Release|Any CPU
		{A1C838C7-F8A6-84DA-5DFC-109D58A48FEA}.Debug|Any CPU.ActiveCfg = Debug|Any CPU
		{A1C838C7-F8A6-84DA-5DFC-109D58A48FEA}.Debug|Any CPU.Build.0 = Debug|Any CPU
		{A1C838C7-F8A6-84DA-5DFC-109D58A48FEA}.Release|Any CPU.ActiveCfg = Release|Any CPU
		{A1C838C7-F8A6-84DA-5DFC-109D58A48FEA}.Release|Any CPU.Build.0 = Release|Any CPU
		{B9FC23F9-3058-8A2F-64D2-FC84E442F5DF}.Debug|Any CPU.ActiveCfg = Debug|Any CPU
		{B9FC23F9-3058-8A2F-64D2-FC84E442F5DF}.Debug|Any CPU.Build.0 = Debug|Any CPU
		{B9FC23F9-3058-8A2F-64D2-FC84E442F5DF}.Release|Any CPU.ActiveCfg = Release|Any CPU
		{B9FC23F9-3058-8A2F-64D2-FC84E442F5DF}.Release|Any CPU.Build.0 = Release|Any CPU
		{2166846F-8752-FD9D-24AA-2D450B909BFA}.Debug|Any CPU.ActiveCfg = Debug|Any CPU
		{2166846F-8752-FD9D-24AA-2D450B909BFA}.Debug|Any CPU.Build.0 = Debug|Any CPU
		{2166846F-8752-FD9D-24AA-2D450B909BFA}.Release|Any CPU.ActiveCfg = Release|Any CPU
		{2166846F-8752-FD9D-24AA-2D450B909BFA}.Release|Any CPU.Build.0 = Release|Any CPU
		{B048CF36-74DD-5387-C7B3-A91EE0E6FB0A}.Debug|Any CPU.ActiveCfg = Debug|Any CPU
		{B048CF36-74DD-5387-C7B3-A91EE0E6FB0A}.Debug|Any CPU.Build.0 = Debug|Any CPU
		{B048CF36-74DD-5387-C7B3-A91EE0E6FB0A}.Release|Any CPU.ActiveCfg = Release|Any CPU
		{B048CF36-74DD-5387-C7B3-A91EE0E6FB0A}.Release|Any CPU.Build.0 = Release|Any CPU
		{749047BA-4F05-7C8D-C106-22EEB5E7BB21}.Debug|Any CPU.ActiveCfg = Debug|Any CPU
		{749047BA-4F05-7C8D-C106-22EEB5E7BB21}.Debug|Any CPU.Build.0 = Debug|Any CPU
		{749047BA-4F05-7C8D-C106-22EEB5E7BB21}.Release|Any CPU.ActiveCfg = Release|Any CPU
		{749047BA-4F05-7C8D-C106-22EEB5E7BB21}.Release|Any CPU.Build.0 = Release|Any CPU
		{27307411-54CA-FEAA-A63D-1048E59B2E93}.Debug|Any CPU.ActiveCfg = Debug|Any CPU
		{27307411-54CA-FEAA-A63D-1048E59B2E93}.Debug|Any CPU.Build.0 = Debug|Any CPU
		{27307411-54CA-FEAA-A63D-1048E59B2E93}.Release|Any CPU.ActiveCfg = Release|Any CPU
		{27307411-54CA-FEAA-A63D-1048E59B2E93}.Release|Any CPU.Build.0 = Release|Any CPU
		{C8291CED-6B80-19E9-E2FA-B82E70B41DA2}.Debug|Any CPU.ActiveCfg = Debug|Any CPU
		{C8291CED-6B80-19E9-E2FA-B82E70B41DA2}.Debug|Any CPU.Build.0 = Debug|Any CPU
		{C8291CED-6B80-19E9-E2FA-B82E70B41DA2}.Release|Any CPU.ActiveCfg = Release|Any CPU
		{C8291CED-6B80-19E9-E2FA-B82E70B41DA2}.Release|Any CPU.Build.0 = Release|Any CPU
		{4C33747E-4144-6D4A-F9DA-2976276573AA}.Debug|Any CPU.ActiveCfg = Debug|Any CPU
		{4C33747E-4144-6D4A-F9DA-2976276573AA}.Debug|Any CPU.Build.0 = Debug|Any CPU
		{4C33747E-4144-6D4A-F9DA-2976276573AA}.Release|Any CPU.ActiveCfg = Release|Any CPU
		{4C33747E-4144-6D4A-F9DA-2976276573AA}.Release|Any CPU.Build.0 = Release|Any CPU
	EndGlobalSection
	GlobalSection(SolutionProperties) = preSolution
		HideSolutionNode = FALSE
	EndGlobalSection
EndGlobal
