
Microsoft Visual Studio Solution File, Format Version 12.00
# Visual Studio 15
Project("{FAE04EC0-301F-11D3-BF4B-00C04F79EFBC}") = "MerryYellow.CodeAssist.Editor", "MerryYellow.CodeAssist.Editor.csproj", "{D1102E97-8CD9-8A3C-9E25-D215808EC8A3}"
EndProject
Project("{FAE04EC0-301F-11D3-BF4B-00C04F79EFBC}") = "Assembly-CSharp", "Assembly-CSharp.csproj", "{4A76B1C0-C1AA-7F10-EE31-0F9A12249C5E}"
EndProject
Project("{FAE04EC0-301F-11D3-BF4B-00C04F79EFBC}") = "Assembly-CSharp-firstpass", "Assembly-CSharp-firstpass.csproj", "{C3417013-506F-14DF-1607-B68D4A7490C8}"
EndProject
Global
	GlobalSection(SolutionConfigurationPlatforms) = preSolution
		Debug|Any CPU = Debug|Any CPU
		Release|Any CPU = Release|Any CPU
	EndGlobalSection
	GlobalSection(ProjectConfigurationPlatforms) = postSolution
		{D1102E97-8CD9-8A3C-9E25-D215808EC8A3}.Debug|Any CPU.ActiveCfg = Debug|Any CPU
		{D1102E97-8CD9-8A3C-9E25-D215808EC8A3}.Debug|Any CPU.Build.0 = Debug|Any CPU
		{D1102E97-8CD9-8A3C-9E25-D215808EC8A3}.Release|Any CPU.ActiveCfg = Release|Any CPU
		{D1102E97-8CD9-8A3C-9E25-D215808EC8A3}.Release|Any CPU.Build.0 = Release|Any CPU
		{4A76B1C0-C1AA-7F10-EE31-0F9A12249C5E}.Debug|Any CPU.ActiveCfg = Debug|Any CPU
		{4A76B1C0-C1AA-7F10-EE31-0F9A12249C5E}.Debug|Any CPU.Build.0 = Debug|Any CPU
		{4A76B1C0-C1AA-7F10-EE31-0F9A12249C5E}.Release|Any CPU.ActiveCfg = Release|Any CPU
		{4A76B1C0-C1AA-7F10-EE31-0F9A12249C5E}.Release|Any CPU.Build.0 = Release|Any CPU
		{C3417013-506F-14DF-1607-B68D4A7490C8}.Debug|Any CPU.ActiveCfg = Debug|Any CPU
		{C3417013-506F-14DF-1607-B68D4A7490C8}.Debug|Any CPU.Build.0 = Debug|Any CPU
		{C3417013-506F-14DF-1607-B68D4A7490C8}.Release|Any CPU.ActiveCfg = Release|Any CPU
		{C3417013-506F-14DF-1607-B68D4A7490C8}.Release|Any CPU.Build.0 = Release|Any CPU
	EndGlobalSection
	GlobalSection(SolutionProperties) = preSolution
		HideSolutionNode = FALSE
	EndGlobalSection
EndGlobal
